// !$*UTF8*$!
{
	archiveVersion = 1;
	classes = {
	};
	objectVersion = 50;
	objects = {

/* Begin PBXBuildFile section */
		7A3642BB207F3B8E002D864E /* AppDelegate.swift in Sources */ = {isa = PBXBuildFile; fileRef = 7A3642BA207F3B8E002D864E /* AppDelegate.swift */; };
		7A3642BD207F3B8E002D864E /* ViewController.swift in Sources */ = {isa = PBXBuildFile; fileRef = 7A3642BC207F3B8E002D864E /* ViewController.swift */; };
		7A3642C2207F3B91002D864E /* Assets.xcassets in Resources */ = {isa = PBXBuildFile; fileRef = 7A3642C1207F3B91002D864E /* Assets.xcassets */; };
		7A3642C5207F3B91002D864E /* LaunchScreen.storyboard in Resources */ = {isa = PBXBuildFile; fileRef = 7A3642C3207F3B91002D864E /* LaunchScreen.storyboard */; };
		7A3642CE207F3E56002D864E /* Header.swift in Sources */ = {isa = PBXBuildFile; fileRef = 7A3642CD207F3E56002D864E /* Header.swift */; };
		7A3642D0207F3E77002D864E /* HeaderButtonItem.swift in Sources */ = {isa = PBXBuildFile; fileRef = 7A3642CF207F3E77002D864E /* HeaderButtonItem.swift */; };
		7A3642D2207F3E9E002D864E /* HeaderTitle.swift in Sources */ = {isa = PBXBuildFile; fileRef = 7A3642D1207F3E9E002D864E /* HeaderTitle.swift */; };
		7A3642D5207F3ED2002D864E /* HeaderViewController.swift in Sources */ = {isa = PBXBuildFile; fileRef = 7A3642D4207F3ED2002D864E /* HeaderViewController.swift */; };
		7A3642D8207F3F73002D864E /* CGFloat.swift in Sources */ = {isa = PBXBuildFile; fileRef = 7A3642D7207F3F73002D864E /* CGFloat.swift */; };
		7A3642DA207F3F92002D864E /* UIDevice.swift in Sources */ = {isa = PBXBuildFile; fileRef = 7A3642D9207F3F92002D864E /* UIDevice.swift */; };
		7A3642DC207F3FB6002D864E /* UIScreen.swift in Sources */ = {isa = PBXBuildFile; fileRef = 7A3642DB207F3FB6002D864E /* UIScreen.swift */; };
		7A3642DE207F3FD2002D864E /* UIView.swift in Sources */ = {isa = PBXBuildFile; fileRef = 7A3642DD207F3FD2002D864E /* UIView.swift */; };
		7A3642E0207F3FFC002D864E /* Int.swift in Sources */ = {isa = PBXBuildFile; fileRef = 7A3642DF207F3FFC002D864E /* Int.swift */; };
		7A3642E4207F40AF002D864E /* DetailController.swift in Sources */ = {isa = PBXBuildFile; fileRef = 7A3642E3207F40AF002D864E /* DetailController.swift */; };
		7A3642EF207F51A6002D864E /* Animator.swift in Sources */ = {isa = PBXBuildFile; fileRef = 7A3642EE207F51A6002D864E /* Animator.swift */; };
		7A3642F1207F5B02002D864E /* SwipeInteractionController.swift in Sources */ = {isa = PBXBuildFile; fileRef = 7A3642F0207F5B02002D864E /* SwipeInteractionController.swift */; };
		7A3642F3207F5EEC002D864E /* NavigationStyleController.swift in Sources */ = {isa = PBXBuildFile; fileRef = 7A3642F2207F5EEC002D864E /* NavigationStyleController.swift */; };
/* End PBXBuildFile section */

/* Begin PBXFileReference section */
		7A3642B7207F3B8D002D864E /* NavigationStylePresent.app */ = {isa = PBXFileReference; explicitFileType = wrapper.application; includeInIndex = 0; path = NavigationStylePresent.app; sourceTree = BUILT_PRODUCTS_DIR; };
		7A3642BA207F3B8E002D864E /* AppDelegate.swift */ = {isa = PBXFileReference; lastKnownFileType = sourcecode.swift; path = AppDelegate.swift; sourceTree = "<group>"; };
		7A3642BC207F3B8E002D864E /* ViewController.swift */ = {isa = PBXFileReference; lastKnownFileType = sourcecode.swift; path = ViewController.swift; sourceTree = "<group>"; };
		7A3642C1207F3B91002D864E /* Assets.xcassets */ = {isa = PBXFileReference; lastKnownFileType = folder.assetcatalog; path = Assets.xcassets; sourceTree = "<group>"; };
		7A3642C4207F3B91002D864E /* Base */ = {isa = PBXFileReference; lastKnownFileType = file.storyboard; name = Base; path = Base.lproj/LaunchScreen.storyboard; sourceTree = "<group>"; };
		7A3642C6207F3B91002D864E /* Info.plist */ = {isa = PBXFileReference; lastKnownFileType = text.plist.xml; path = Info.plist; sourceTree = "<group>"; };
		7A3642CD207F3E56002D864E /* Header.swift */ = {isa = PBXFileReference; lastKnownFileType = sourcecode.swift; path = Header.swift; sourceTree = "<group>"; };
		7A3642CF207F3E77002D864E /* HeaderButtonItem.swift */ = {isa = PBXFileReference; lastKnownFileType = sourcecode.swift; path = HeaderButtonItem.swift; sourceTree = "<group>"; };
		7A3642D1207F3E9E002D864E /* HeaderTitle.swift */ = {isa = PBXFileReference; lastKnownFileType = sourcecode.swift; path = HeaderTitle.swift; sourceTree = "<group>"; };
		7A3642D4207F3ED2002D864E /* HeaderViewController.swift */ = {isa = PBXFileReference; lastKnownFileType = sourcecode.swift; path = HeaderViewController.swift; sourceTree = "<group>"; };
		7A3642D7207F3F73002D864E /* CGFloat.swift */ = {isa = PBXFileReference; lastKnownFileType = sourcecode.swift; path = CGFloat.swift; sourceTree = "<group>"; };
		7A3642D9207F3F92002D864E /* UIDevice.swift */ = {isa = PBXFileReference; lastKnownFileType = sourcecode.swift; path = UIDevice.swift; sourceTree = "<group>"; };
		7A3642DB207F3FB6002D864E /* UIScreen.swift */ = {isa = PBXFileReference; lastKnownFileType = sourcecode.swift; path = UIScreen.swift; sourceTree = "<group>"; };
		7A3642DD207F3FD2002D864E /* UIView.swift */ = {isa = PBXFileReference; lastKnownFileType = sourcecode.swift; path = UIView.swift; sourceTree = "<group>"; };
		7A3642DF207F3FFC002D864E /* Int.swift */ = {isa = PBXFileReference; lastKnownFileType = sourcecode.swift; path = Int.swift; sourceTree = "<group>"; };
		7A3642E3207F40AF002D864E /* DetailController.swift */ = {isa = PBXFileReference; lastKnownFileType = sourcecode.swift; path = DetailController.swift; sourceTree = "<group>"; };
		7A3642EE207F51A6002D864E /* Animator.swift */ = {isa = PBXFileReference; lastKnownFileType = sourcecode.swift; path = Animator.swift; sourceTree = "<group>"; };
		7A3642F0207F5B02002D864E /* SwipeInteractionController.swift */ = {isa = PBXFileReference; lastKnownFileType = sourcecode.swift; path = SwipeInteractionController.swift; sourceTree = "<group>"; };
		7A3642F2207F5EEC002D864E /* NavigationStyleController.swift */ = {isa = PBXFileReference; lastKnownFileType = sourcecode.swift; path = NavigationStyleController.swift; sourceTree = "<group>"; };
/* End PBXFileReference section */

/* Begin PBXFrameworksBuildPhase section */
		7A3642B4207F3B8D002D864E /* Frameworks */ = {
			isa = PBXFrameworksBuildPhase;
			buildActionMask = 2147483647;
			files = (
			);
			runOnlyForDeploymentPostprocessing = 0;
		};
/* End PBXFrameworksBuildPhase section */

/* Begin PBXGroup section */
		7A3642AE207F3B8D002D864E = {
			isa = PBXGroup;
			children = (
				7A3642B9207F3B8D002D864E /* NavigationStylePresent */,
				7A3642B8207F3B8D002D864E /* Products */,
			);
			sourceTree = "<group>";
		};
		7A3642B8207F3B8D002D864E /* Products */ = {
			isa = PBXGroup;
			children = (
				7A3642B7207F3B8D002D864E /* NavigationStylePresent.app */,
			);
			name = Products;
			sourceTree = "<group>";
		};
		7A3642B9207F3B8D002D864E /* NavigationStylePresent */ = {
			isa = PBXGroup;
			children = (
				7A3642E5207F4724002D864E /* Source */,
				7A3642E2207F4093002D864E /* App */,
				7A3642E1207F407F002D864E /* Lib */,
				7A3642BA207F3B8E002D864E /* AppDelegate.swift */,
				7A3642C1207F3B91002D864E /* Assets.xcassets */,
				7A3642C3207F3B91002D864E /* LaunchScreen.storyboard */,
				7A3642C6207F3B91002D864E /* Info.plist */,
			);
			path = NavigationStylePresent;
			sourceTree = "<group>";
		};
		7A3642CC207F3E45002D864E /* Header */ = {
			isa = PBXGroup;
			children = (
				7A3642CD207F3E56002D864E /* Header.swift */,
				7A3642CF207F3E77002D864E /* HeaderButtonItem.swift */,
				7A3642D1207F3E9E002D864E /* HeaderTitle.swift */,
			);
			path = Header;
			sourceTree = "<group>";
		};
		7A3642D3207F3EBF002D864E /* Navigation */ = {
			isa = PBXGroup;
			children = (
				7A3642D4207F3ED2002D864E /* HeaderViewController.swift */,
				7A3642F2207F5EEC002D864E /* NavigationStyleController.swift */,
			);
			path = Navigation;
			sourceTree = "<group>";
		};
		7A3642D6207F3F4D002D864E /* Extension */ = {
			isa = PBXGroup;
			children = (
				7A3642D7207F3F73002D864E /* CGFloat.swift */,
				7A3642D9207F3F92002D864E /* UIDevice.swift */,
				7A3642DB207F3FB6002D864E /* UIScreen.swift */,
				7A3642DD207F3FD2002D864E /* UIView.swift */,
				7A3642DF207F3FFC002D864E /* Int.swift */,
			);
			path = Extension;
			sourceTree = "<group>";
		};
		7A3642E1207F407F002D864E /* Lib */ = {
			isa = PBXGroup;
			children = (
				7A3642D6207F3F4D002D864E /* Extension */,
				7A3642D3207F3EBF002D864E /* Navigation */,
				7A3642CC207F3E45002D864E /* Header */,
			);
			path = Lib;
			sourceTree = "<group>";
		};
		7A3642E2207F4093002D864E /* App */ = {
			isa = PBXGroup;
			children = (
				7A3642BC207F3B8E002D864E /* ViewController.swift */,
				7A3642E3207F40AF002D864E /* DetailController.swift */,
			);
			path = App;
			sourceTree = "<group>";
		};
		7A3642E5207F4724002D864E /* Source */ = {
			isa = PBXGroup;
			children = (
				7A3642EE207F51A6002D864E /* Animator.swift */,
				7A3642F0207F5B02002D864E /* SwipeInteractionController.swift */,
			);
			path = Source;
			sourceTree = "<group>";
		};
/* End PBXGroup section */

/* Begin PBXNativeTarget section */
		7A3642B6207F3B8D002D864E /* NavigationStylePresent */ = {
			isa = PBXNativeTarget;
			buildConfigurationList = 7A3642C9207F3B91002D864E /* Build configuration list for PBXNativeTarget "NavigationStylePresent" */;
			buildPhases = (
				7A3642B3207F3B8D002D864E /* Sources */,
				7A3642B4207F3B8D002D864E /* Frameworks */,
				7A3642B5207F3B8D002D864E /* Resources */,
			);
			buildRules = (
			);
			dependencies = (
			);
			name = NavigationStylePresent;
			productName = NavigationStylePresent;
			productReference = 7A3642B7207F3B8D002D864E /* NavigationStylePresent.app */;
			productType = "com.apple.product-type.application";
		};
/* End PBXNativeTarget section */

/* Begin PBXProject section */
		7A3642AF207F3B8D002D864E /* Project object */ = {
			isa = PBXProject;
			attributes = {
				LastSwiftUpdateCheck = 0930;
				LastUpgradeCheck = 0930;
				ORGANIZATIONNAME = algha;
				TargetAttributes = {
					7A3642B6207F3B8D002D864E = {
						CreatedOnToolsVersion = 9.3;
					};
				};
			};
			buildConfigurationList = 7A3642B2207F3B8D002D864E /* Build configuration list for PBXProject "NavigationStylePresent" */;
			compatibilityVersion = "Xcode 9.3";
			developmentRegion = en;
			hasScannedForEncodings = 0;
			knownRegions = (
				en,
				Base,
			);
			mainGroup = 7A3642AE207F3B8D002D864E;
			productRefGroup = 7A3642B8207F3B8D002D864E /* Products */;
			projectDirPath = "";
			projectRoot = "";
			targets = (
				7A3642B6207F3B8D002D864E /* NavigationStylePresent */,
			);
		};
/* End PBXProject section */

/* Begin PBXResourcesBuildPhase section */
		7A3642B5207F3B8D002D864E /* Resources */ = {
			isa = PBXResourcesBuildPhase;
			buildActionMask = 2147483647;
			files = (
				7A3642C5207F3B91002D864E /* LaunchScreen.storyboard in Resources */,
				7A3642C2207F3B91002D864E /* Assets.xcassets in Resources */,
			);
			runOnlyForDeploymentPostprocessing = 0;
		};
/* End PBXResourcesBuildPhase section */

/* Begin PBXSourcesBuildPhase section */
		7A3642B3207F3B8D002D864E /* Sources */ = {
			isa = PBXSourcesBuildPhase;
			buildActionMask = 2147483647;
			files = (
				7A3642DE207F3FD2002D864E /* UIView.swift in Sources */,
				7A3642BD207F3B8E002D864E /* ViewController.swift in Sources */,
				7A3642F3207F5EEC002D864E /* NavigationStyleController.swift in Sources */,
				7A3642F1207F5B02002D864E /* SwipeInteractionController.swift in Sources */,
				7A3642D0207F3E77002D864E /* HeaderButtonItem.swift in Sources */,
				7A3642D8207F3F73002D864E /* CGFloat.swift in Sources */,
				7A3642E4207F40AF002D864E /* DetailController.swift in Sources */,
				7A3642CE207F3E56002D864E /* Header.swift in Sources */,
				7A3642DC207F3FB6002D864E /* UIScreen.swift in Sources */,
				7A3642EF207F51A6002D864E /* Animator.swift in Sources */,
				7A3642D2207F3E9E002D864E /* HeaderTitle.swift in Sources */,
				7A3642E0207F3FFC002D864E /* Int.swift in Sources */,
				7A3642BB207F3B8E002D864E /* AppDelegate.swift in Sources */,
				7A3642D5207F3ED2002D864E /* HeaderViewController.swift in Sources */,
				7A3642DA207F3F92002D864E /* UIDevice.swift in Sources */,
			);
			runOnlyForDeploymentPostprocessing = 0;
		};
/* End PBXSourcesBuildPhase section */

/* Begin PBXVariantGroup section */
		7A3642C3207F3B91002D864E /* LaunchScreen.storyboard */ = {
			isa = PBXVariantGroup;
			children = (
				7A3642C4207F3B91002D864E /* Base */,
			);
			name = LaunchScreen.storyboard;
			sourceTree = "<group>";
		};
/* End PBXVariantGroup section */

/* Begin XCBuildConfiguration section */
		7A3642C7207F3B91002D864E /* Debug */ = {
			isa = XCBuildConfiguration;
			buildSettings = {
				ALWAYS_SEARCH_USER_PATHS = NO;
				CLANG_ANALYZER_NONNULL = YES;
				CLANG_ANALYZER_NUMBER_OBJECT_CONVERSION = YES_AGGRESSIVE;
				CLANG_CXX_LANGUAGE_STANDARD = "gnu++14";
				CLANG_CXX_LIBRARY = "libc++";
				CLANG_ENABLE_MODULES = YES;
				CLANG_ENABLE_OBJC_ARC = YES;
				CLANG_ENABLE_OBJC_WEAK = YES;
				CLANG_WARN_BLOCK_CAPTURE_AUTORELEASING = YES;
				CLANG_WARN_BOOL_CONVERSION = YES;
				CLANG_WARN_COMMA = YES;
				CLANG_WARN_CONSTANT_CONVERSION = YES;
				CLANG_WARN_DEPRECATED_OBJC_IMPLEMENTATIONS = YES;
				CLANG_WARN_DIRECT_OBJC_ISA_USAGE = YES_ERROR;
				CLANG_WARN_DOCUMENTATION_COMMENTS = YES;
				CLANG_WARN_EMPTY_BODY = YES;
				CLANG_WARN_ENUM_CONVERSION = YES;
				CLANG_WARN_INFINITE_RECURSION = YES;
				CLANG_WARN_INT_CONVERSION = YES;
				CLANG_WARN_NON_LITERAL_NULL_CONVERSION = YES;
				CLANG_WARN_OBJC_IMPLICIT_RETAIN_SELF = YES;
				CLANG_WARN_OBJC_LITERAL_CONVERSION = YES;
				CLANG_WARN_OBJC_ROOT_CLASS = YES_ERROR;
				CLANG_WARN_RANGE_LOOP_ANALYSIS = YES;
				CLANG_WARN_STRICT_PROTOTYPES = YES;
				CLANG_WARN_SUSPICIOUS_MOVE = YES;
				CLANG_WARN_UNGUARDED_AVAILABILITY = YES_AGGRESSIVE;
				CLANG_WARN_UNREACHABLE_CODE = YES;
				CLANG_WARN__DUPLICATE_METHOD_MATCH = YES;
				CODE_SIGN_IDENTITY = "iPhone Developer";
				COPY_PHASE_STRIP = NO;
				DEBUG_INFORMATION_FORMAT = dwarf;
				ENABLE_STRICT_OBJC_MSGSEND = YES;
				ENABLE_TESTABILITY = YES;
				GCC_C_LANGUAGE_STANDARD = gnu11;
				GCC_DYNAMIC_NO_PIC = NO;
				GCC_NO_COMMON_BLOCKS = YES;
				GCC_OPTIMIZATION_LEVEL = 0;
				GCC_PREPROCESSOR_DEFINITIONS = (
					"DEBUG=1",
					"$(inherited)",
				);
				GCC_WARN_64_TO_32_BIT_CONVERSION = YES;
				GCC_WARN_ABOUT_RETURN_TYPE = YES_ERROR;
				GCC_WARN_UNDECLARED_SELECTOR = YES;
				GCC_WARN_UNINITIALIZED_AUTOS = YES_AGGRESSIVE;
				GCC_WARN_UNUSED_FUNCTION = YES;
				GCC_WARN_UNUSED_VARIABLE = YES;
				IPHONEOS_DEPLOYMENT_TARGET = 11.3;
				MTL_ENABLE_DEBUG_INFO = YES;
				ONLY_ACTIVE_ARCH = YES;
				SDKROOT = iphoneos;
				SWIFT_ACTIVE_COMPILATION_CONDITIONS = DEBUG;
				SWIFT_OPTIMIZATION_LEVEL = "-Onone";
			};
			name = Debug;
		};
		7A3642C8207F3B91002D864E /* Release */ = {
			isa = XCBuildConfiguration;
			buildSettings = {
				ALWAYS_SEARCH_USER_PATHS = NO;
				CLANG_ANALYZER_NONNULL = YES;
				CLANG_ANALYZER_NUMBER_OBJECT_CONVERSION = YES_AGGRESSIVE;
				CLANG_CXX_LANGUAGE_STANDARD = "gnu++14";
				CLANG_CXX_LIBRARY = "libc++";
				CLANG_ENABLE_MODULES = YES;
				CLANG_ENABLE_OBJC_ARC = YES;
				CLANG_ENABLE_OBJC_WEAK = YES;
				CLANG_WARN_BLOCK_CAPTURE_AUTORELEASING = YES;
				CLANG_WARN_BOOL_CONVERSION = YES;
				CLANG_WARN_COMMA = YES;
				CLANG_WARN_CONSTANT_CONVERSION = YES;
				CLANG_WARN_DEPRECATED_OBJC_IMPLEMENTATIONS = YES;
				CLANG_WARN_DIRECT_OBJC_ISA_USAGE = YES_ERROR;
				CLANG_WARN_DOCUMENTATION_COMMENTS = YES;
				CLANG_WARN_EMPTY_BODY = YES;
				CLANG_WARN_ENUM_CONVERSION = YES;
				CLANG_WARN_INFINITE_RECURSION = YES;
				CLANG_WARN_INT_CONVERSION = YES;
				CLANG_WARN_NON_LITERAL_NULL_CONVERSION = YES;
				CLANG_WARN_OBJC_IMPLICIT_RETAIN_SELF = YES;
				CLANG_WARN_OBJC_LITERAL_CONVERSION = YES;
				CLANG_WARN_OBJC_ROOT_CLASS = YES_ERROR;
				CLANG_WARN_RANGE_LOOP_ANALYSIS = YES;
				CLANG_WARN_STRICT_PROTOTYPES = YES;
				CLANG_WARN_SUSPICIOUS_MOVE = YES;
				CLANG_WARN_UNGUARDED_AVAILABILITY = YES_AGGRESSIVE;
				CLANG_WARN_UNREACHABLE_CODE = YES;
				CLANG_WARN__DUPLICATE_METHOD_MATCH = YES;
				CODE_SIGN_IDENTITY = "iPhone Developer";
				COPY_PHASE_STRIP = NO;
				DEBUG_INFORMATION_FORMAT = "dwarf-with-dsym";
				ENABLE_NS_ASSERTIONS = NO;
				ENABLE_STRICT_OBJC_MSGSEND = YES;
				GCC_C_LANGUAGE_STANDARD = gnu11;
				GCC_NO_COMMON_BLOCKS = YES;
				GCC_WARN_64_TO_32_BIT_CONVERSION = YES;
				GCC_WARN_ABOUT_RETURN_TYPE = YES_ERROR;
				GCC_WARN_UNDECLARED_SELECTOR = YES;
				GCC_WARN_UNINITIALIZED_AUTOS = YES_AGGRESSIVE;
				GCC_WARN_UNUSED_FUNCTION = YES;
				GCC_WARN_UNUSED_VARIABLE = YES;
				IPHONEOS_DEPLOYMENT_TARGET = 11.3;
				MTL_ENABLE_DEBUG_INFO = NO;
				SDKROOT = iphoneos;
				SWIFT_COMPILATION_MODE = wholemodule;
				SWIFT_OPTIMIZATION_LEVEL = "-O";
				VALIDATE_PRODUCT = YES;
			};
			name = Release;
		};
		7A3642CA207F3B91002D864E /* Debug */ = {
			isa = XCBuildConfiguration;
			buildSettings = {
				ASSETCATALOG_COMPILER_APPICON_NAME = AppIcon;
				CODE_SIGN_STYLE = Automatic;
				INFOPLIST_FILE = NavigationStylePresent/Info.plist;
				IPHONEOS_DEPLOYMENT_TARGET = 9.0;
				LD_RUNPATH_SEARCH_PATHS = (
					"$(inherited)",
					"@executable_path/Frameworks",
				);
				PRODUCT_BUNDLE_IDENTIFIER = com.algha.NavigationStylePresent;
				PRODUCT_NAME = "$(TARGET_NAME)";
				SWIFT_VERSION = 4.0;
				TARGETED_DEVICE_FAMILY = "1,2";
			};
			name = Debug;
		};
		7A3642CB207F3B91002D864E /* Release */ = {
			isa = XCBuildConfiguration;
			buildSettings = {
				ASSETCATALOG_COMPILER_APPICON_NAME = AppIcon;
				CODE_SIGN_STYLE = Automatic;
				INFOPLIST_FILE = NavigationStylePresent/Info.plist;
				IPHONEOS_DEPLOYMENT_TARGET = 9.0;
				LD_RUNPATH_SEARCH_PATHS = (
					"$(inherited)",
					"@executable_path/Frameworks",
				);
				PRODUCT_BUNDLE_IDENTIFIER = com.algha.NavigationStylePresent;
				PRODUCT_NAME = "$(TARGET_NAME)";
				SWIFT_VERSION = 4.0;
				TARGETED_DEVICE_FAMILY = "1,2";
			};
			name = Release;
		};
/* End XCBuildConfiguration section */

/* Begin XCConfigurationList section */
		7A3642B2207F3B8D002D864E /* Build configuration list for PBXProject "NavigationStylePresent" */ = {
			isa = XCConfigurationList;
			buildConfigurations = (
				7A3642C7207F3B91002D864E /* Debug */,
				7A3642C8207F3B91002D864E /* Release */,
			);
			defaultConfigurationIsVisible = 0;
			defaultConfigurationName = Release;
		};
		7A3642C9207F3B91002D864E /* Build configuration list for PBXNativeTarget "NavigationStylePresent" */ = {
			isa = XCConfigurationList;
			buildConfigurations = (
				7A3642CA207F3B91002D864E /* Debug */,
				7A3642CB207F3B91002D864E /* Release */,
			);
			defaultConfigurationIsVisible = 0;
			defaultConfigurationName = Release;
		};
/* End XCConfigurationList section */
	};
	rootObject = 7A3642AF207F3B8D002D864E /* Project object */;
}
